
Microsoft Visual Studio Solution File, Format Version 12.00
# Visual Studio 2013
VisualStudioVersion = 12.0.31101.0
MinimumVisualStudioVersion = 10.0.40219.1
Project("{FAE04EC0-301F-11D3-BF4B-00C04F79EFBC}") = "MileagePro", "MileagePro\MileagePro.csproj", "{2C3EC005-AE18-4797-97A8-4FDF2697A4B2}"
EndProject
Project("{FAE04EC0-301F-11D3-BF4B-00C04F79EFBC}") = "MileagePro.SL", "MileagePro.SL\MileagePro.SL.csproj", "{413DAF82-EF9F-4D8A-AC4B-43CD37958AA0}"
EndProject
Global
	GlobalSection(TeamFoundationVersionControl) = preSolution
		SccNumberOfProjects = 3
		SccEnterpriseProvider = {4CA58AB2-18FA-4F8D-95D4-32DDF27D184C}
		SccTeamFoundationServer = https://katak.visualstudio.com/defaultcollection
		SccLocalPath0 = .
		SccProjectUniqueName1 = MileagePro\\MileagePro.csproj
		SccProjectName1 = MileagePro
		SccLocalPath1 = MileagePro
		SccProjectUniqueName2 = MileagePro.SL\\MileagePro.SL.csproj
		SccProjectName2 = MileagePro.SL
		SccLocalPath2 = MileagePro.SL
	EndGlobalSection
	GlobalSection(SolutionConfigurationPlatforms) = preSolution
		Debug|Any CPU = Debug|Any CPU
		Release|Any CPU = Release|Any CPU
	EndGlobalSection
	GlobalSection(ProjectConfigurationPlatforms) = postSolution
		{2C3EC005-AE18-4797-97A8-4FDF2697A4B2}.Debug|Any CPU.ActiveCfg = Debug|Any CPU
		{2C3EC005-AE18-4797-97A8-4FDF2697A4B2}.Debug|Any CPU.Build.0 = Debug|Any CPU
		{2C3EC005-AE18-4797-97A8-4FDF2697A4B2}.Release|Any CPU.ActiveCfg = Release|Any CPU
		{2C3EC005-AE18-4797-97A8-4FDF2697A4B2}.Release|Any CPU.Build.0 = Release|Any CPU
		{413DAF82-EF9F-4D8A-AC4B-43CD37958AA0}.Debug|Any CPU.ActiveCfg = Debug|Any CPU
		{413DAF82-EF9F-4D8A-AC4B-43CD37958AA0}.Debug|Any CPU.Build.0 = Debug|Any CPU
		{413DAF82-EF9F-4D8A-AC4B-43CD37958AA0}.Release|Any CPU.ActiveCfg = Release|Any CPU
		{413DAF82-EF9F-4D8A-AC4B-43CD37958AA0}.Release|Any CPU.Build.0 = Release|Any CPU
	EndGlobalSection
	GlobalSection(SolutionProperties) = preSolution
		HideSolutionNode = FALSE
	EndGlobalSection
EndGlobal
